
Microsoft Visual Studio Solution File, Format Version 12.00
# Visual Studio Version 17
VisualStudioVersion = 17.4.33213.308
MinimumVisualStudioVersion = 10.0.40219.1
Project("{FAE04EC0-301F-11D3-BF4B-00C04F79EFBC}") = "zadacha1", "zadacha1\zadacha1.csproj", "{AC9E14D5-F99B-4C4D-9E97-770C0C8F77CD}"
EndProject
Project("{FAE04EC0-301F-11D3-BF4B-00C04F79EFBC}") = "Fibonachi", "Fibonachi\Fibonachi.csproj", "{598B41BA-06B8-4095-BEDB-BC1AF5C8CC30}"
EndProject
Global
	GlobalSection(SolutionConfigurationPlatforms) = preSolution
		Debug|Any CPU = Debug|Any CPU
		Release|Any CPU = Release|Any CPU
	EndGlobalSection
	GlobalSection(ProjectConfigurationPlatforms) = postSolution
		{AC9E14D5-F99B-4C4D-9E97-770C0C8F77CD}.Debug|Any CPU.ActiveCfg = Debug|Any CPU
		{AC9E14D5-F99B-4C4D-9E97-770C0C8F77CD}.Debug|Any CPU.Build.0 = Debug|Any CPU
		{AC9E14D5-F99B-4C4D-9E97-770C0C8F77CD}.Release|Any CPU.ActiveCfg = Release|Any CPU
		{AC9E14D5-F99B-4C4D-9E97-770C0C8F77CD}.Release|Any CPU.Build.0 = Release|Any CPU
		{598B41BA-06B8-4095-BEDB-BC1AF5C8CC30}.Debug|Any CPU.ActiveCfg = Debug|Any CPU
		{598B41BA-06B8-4095-BEDB-BC1AF5C8CC30}.Debug|Any CPU.Build.0 = Debug|Any CPU
		{598B41BA-06B8-4095-BEDB-BC1AF5C8CC30}.Release|Any CPU.ActiveCfg = Release|Any CPU
		{598B41BA-06B8-4095-BEDB-BC1AF5C8CC30}.Release|Any CPU.Build.0 = Release|Any CPU
	EndGlobalSection
	GlobalSection(SolutionProperties) = preSolution
		HideSolutionNode = FALSE
	EndGlobalSection
	GlobalSection(ExtensibilityGlobals) = postSolution
		SolutionGuid = {63F9CA8F-2783-42E8-898B-FEEDDCE31057}
	EndGlobalSection
EndGlobal
